// !$*UTF8*$!
{
	archiveVersion = 1;
	classes = {
	};
	objectVersion = 56;
	objects = {

/* Begin PBXBuildFile section */
		BD9FAD1D2C5114430008878E /* lozzaSecondAppApp.swift in Sources */ = {isa = PBXBuildFile; fileRef = BD9FAD1C2C5114430008878E /* lozzaSecondAppApp.swift */; };
		BD9FAD1F2C5114430008878E /* ContentView.swift in Sources */ = {isa = PBXBuildFile; fileRef = BD9FAD1E2C5114430008878E /* ContentView.swift */; };
		BD9FAD212C5114450008878E /* Assets.xcassets in Resources */ = {isa = PBXBuildFile; fileRef = BD9FAD202C5114450008878E /* Assets.xcassets */; };
		BD9FAD242C5114450008878E /* Preview Assets.xcassets in Resources */ = {isa = PBXBuildFile; fileRef = BD9FAD232C5114450008878E /* Preview Assets.xcassets */; };
		BD9FAD2E2C5114450008878E /* lozzaSecondAppTests.swift in Sources */ = {isa = PBXBuildFile; fileRef = BD9FAD2D2C5114450008878E /* lozzaSecondAppTests.swift */; };
		BD9FAD382C5114460008878E /* lozzaSecondAppUITests.swift in Sources */ = {isa = PBXBuildFile; fileRef = BD9FAD372C5114460008878E /* lozzaSecondAppUITests.swift */; };
		BD9FAD3A2C5114460008878E /* lozzaSecondAppUITestsLaunchTests.swift in Sources */ = {isa = PBXBuildFile; fileRef = BD9FAD392C5114460008878E /* lozzaSecondAppUITestsLaunchTests.swift */; };
/* End PBXBuildFile section */

/* Begin PBXContainerItemProxy section */
		BD9FAD2A2C5114450008878E /* PBXContainerItemProxy */ = {
			isa = PBXContainerItemProxy;
			containerPortal = BD9FAD112C5114430008878E /* Project object */;
			proxyType = 1;
			remoteGlobalIDString = BD9FAD182C5114430008878E;
			remoteInfo = lozzaSecondApp;
		};
		BD9FAD342C5114450008878E /* PBXContainerItemProxy */ = {
			isa = PBXContainerItemProxy;
			containerPortal = BD9FAD112C5114430008878E /* Project object */;
			proxyType = 1;
			remoteGlobalIDString = BD9FAD182C5114430008878E;
			remoteInfo = lozzaSecondApp;
		};
/* End PBXContainerItemProxy section */

/* Begin PBXFileReference section */
		BD9FAD192C5114430008878E /* lozzaSecondApp.app */ = {isa = PBXFileReference; explicitFileType = wrapper.application; includeInIndex = 0; path = lozzaSecondApp.app; sourceTree = BUILT_PRODUCTS_DIR; };
		BD9FAD1C2C5114430008878E /* lozzaSecondAppApp.swift */ = {isa = PBXFileReference; lastKnownFileType = sourcecode.swift; path = lozzaSecondAppApp.swift; sourceTree = "<group>"; };
		BD9FAD1E2C5114430008878E /* ContentView.swift */ = {isa = PBXFileReference; lastKnownFileType = sourcecode.swift; path = ContentView.swift; sourceTree = "<group>"; };
		BD9FAD202C5114450008878E /* Assets.xcassets */ = {isa = PBXFileReference; lastKnownFileType = folder.assetcatalog; path = Assets.xcassets; sourceTree = "<group>"; };
		BD9FAD232C5114450008878E /* Preview Assets.xcassets */ = {isa = PBXFileReference; lastKnownFileType = folder.assetcatalog; path = "Preview Assets.xcassets"; sourceTree = "<group>"; };
		BD9FAD292C5114450008878E /* lozzaSecondAppTests.xctest */ = {isa = PBXFileReference; explicitFileType = wrapper.cfbundle; includeInIndex = 0; path = lozzaSecondAppTests.xctest; sourceTree = BUILT_PRODUCTS_DIR; };
		BD9FAD2D2C5114450008878E /* lozzaSecondAppTests.swift */ = {isa = PBXFileReference; lastKnownFileType = sourcecode.swift; path = lozzaSecondAppTests.swift; sourceTree = "<group>"; };
		BD9FAD332C5114450008878E /* lozzaSecondAppUITests.xctest */ = {isa = PBXFileReference; explicitFileType = wrapper.cfbundle; includeInIndex = 0; path = lozzaSecondAppUITests.xctest; sourceTree = BUILT_PRODUCTS_DIR; };
		BD9FAD372C5114460008878E /* lozzaSecondAppUITests.swift */ = {isa = PBXFileReference; lastKnownFileType = sourcecode.swift; path = lozzaSecondAppUITests.swift; sourceTree = "<group>"; };
		BD9FAD392C5114460008878E /* lozzaSecondAppUITestsLaunchTests.swift */ = {isa = PBXFileReference; lastKnownFileType = sourcecode.swift; path = lozzaSecondAppUITestsLaunchTests.swift; sourceTree = "<group>"; };
/* End PBXFileReference section */

/* Begin PBXFrameworksBuildPhase section */
		BD9FAD162C5114430008878E /* Frameworks */ = {
			isa = PBXFrameworksBuildPhase;
			buildActionMask = 2147483647;
			files = (
			);
			runOnlyForDeploymentPostprocessing = 0;
		};
		BD9FAD262C5114450008878E /* Frameworks */ = {
			isa = PBXFrameworksBuildPhase;
			buildActionMask = 2147483647;
			files = (
			);
			runOnlyForDeploymentPostprocessing = 0;
		};
		BD9FAD302C5114450008878E /* Frameworks */ = {
			isa = PBXFrameworksBuildPhase;
			buildActionMask = 2147483647;
			files = (
			);
			runOnlyForDeploymentPostprocessing = 0;
		};
/* End PBXFrameworksBuildPhase section */

/* Begin PBXGroup section */
		BD9FAD102C5114430008878E = {
			isa = PBXGroup;
			children = (
				BD9FAD1B2C5114430008878E /* lozzaSecondApp */,
				BD9FAD2C2C5114450008878E /* lozzaSecondAppTests */,
				BD9FAD362C5114460008878E /* lozzaSecondAppUITests */,
				BD9FAD1A2C5114430008878E /* Products */,
			);
			sourceTree = "<group>";
		};
		BD9FAD1A2C5114430008878E /* Products */ = {
			isa = PBXGroup;
			children = (
				BD9FAD192C5114430008878E /* lozzaSecondApp.app */,
				BD9FAD292C5114450008878E /* lozzaSecondAppTests.xctest */,
				BD9FAD332C5114450008878E /* lozzaSecondAppUITests.xctest */,
			);
			name = Products;
			sourceTree = "<group>";
		};
		BD9FAD1B2C5114430008878E /* lozzaSecondApp */ = {
			isa = PBXGroup;
			children = (
				BD9FAD1C2C5114430008878E /* lozzaSecondAppApp.swift */,
				BD9FAD1E2C5114430008878E /* ContentView.swift */,
				BD9FAD202C5114450008878E /* Assets.xcassets */,
				BD9FAD222C5114450008878E /* Preview Content */,
			);
			path = lozzaSecondApp;
			sourceTree = "<group>";
		};
		BD9FAD222C5114450008878E /* Preview Content */ = {
			isa = PBXGroup;
			children = (
				BD9FAD232C5114450008878E /* Preview Assets.xcassets */,
			);
			path = "Preview Content";
			sourceTree = "<group>";
		};
		BD9FAD2C2C5114450008878E /* lozzaSecondAppTests */ = {
			isa = PBXGroup;
			children = (
				BD9FAD2D2C5114450008878E /* lozzaSecondAppTests.swift */,
			);
			path = lozzaSecondAppTests;
			sourceTree = "<group>";
		};
		BD9FAD362C5114460008878E /* lozzaSecondAppUITests */ = {
			isa = PBXGroup;
			children = (
				BD9FAD372C5114460008878E /* lozzaSecondAppUITests.swift */,
				BD9FAD392C5114460008878E /* lozzaSecondAppUITestsLaunchTests.swift */,
			);
			path = lozzaSecondAppUITests;
			sourceTree = "<group>";
		};
/* End PBXGroup section */

/* Begin PBXNativeTarget section */
		BD9FAD182C5114430008878E /* lozzaSecondApp */ = {
			isa = PBXNativeTarget;
			buildConfigurationList = BD9FAD3D2C5114460008878E /* Build configuration list for PBXNativeTarget "lozzaSecondApp" */;
			buildPhases = (
				BD9FAD152C5114430008878E /* Sources */,
				BD9FAD162C5114430008878E /* Frameworks */,
				BD9FAD172C5114430008878E /* Resources */,
			);
			buildRules = (
			);
			dependencies = (
			);
			name = lozzaSecondApp;
			productName = lozzaSecondApp;
			productReference = BD9FAD192C5114430008878E /* lozzaSecondApp.app */;
			productType = "com.apple.product-type.application";
		};
		BD9FAD282C5114450008878E /* lozzaSecondAppTests */ = {
			isa = PBXNativeTarget;
			buildConfigurationList = BD9FAD402C5114460008878E /* Build configuration list for PBXNativeTarget "lozzaSecondAppTests" */;
			buildPhases = (
				BD9FAD252C5114450008878E /* Sources */,
				BD9FAD262C5114450008878E /* Frameworks */,
				BD9FAD272C5114450008878E /* Resources */,
			);
			buildRules = (
			);
			dependencies = (
				BD9FAD2B2C5114450008878E /* PBXTargetDependency */,
			);
			name = lozzaSecondAppTests;
			productName = lozzaSecondAppTests;
			productReference = BD9FAD292C5114450008878E /* lozzaSecondAppTests.xctest */;
			productType = "com.apple.product-type.bundle.unit-test";
		};
		BD9FAD322C5114450008878E /* lozzaSecondAppUITests */ = {
			isa = PBXNativeTarget;
			buildConfigurationList = BD9FAD432C5114460008878E /* Build configuration list for PBXNativeTarget "lozzaSecondAppUITests" */;
			buildPhases = (
				BD9FAD2F2C5114450008878E /* Sources */,
				BD9FAD302C5114450008878E /* Frameworks */,
				BD9FAD312C5114450008878E /* Resources */,
			);
			buildRules = (
			);
			dependencies = (
				BD9FAD352C5114450008878E /* PBXTargetDependency */,
			);
			name = lozzaSecondAppUITests;
			productName = lozzaSecondAppUITests;
			productReference = BD9FAD332C5114450008878E /* lozzaSecondAppUITests.xctest */;
			productType = "com.apple.product-type.bundle.ui-testing";
		};
/* End PBXNativeTarget section */

/* Begin PBXProject section */
		BD9FAD112C5114430008878E /* Project object */ = {
			isa = PBXProject;
			attributes = {
				BuildIndependentTargetsInParallel = 1;
				LastSwiftUpdateCheck = 1540;
				LastUpgradeCheck = 1540;
				TargetAttributes = {
					BD9FAD182C5114430008878E = {
						CreatedOnToolsVersion = 15.4;
					};
					BD9FAD282C5114450008878E = {
						CreatedOnToolsVersion = 15.4;
						TestTargetID = BD9FAD182C5114430008878E;
					};
					BD9FAD322C5114450008878E = {
						CreatedOnToolsVersion = 15.4;
						TestTargetID = BD9FAD182C5114430008878E;
					};
				};
			};
			buildConfigurationList = BD9FAD142C5114430008878E /* Build configuration list for PBXProject "lozzaSecondApp" */;
			compatibilityVersion = "Xcode 14.0";
			developmentRegion = en;
			hasScannedForEncodings = 0;
			knownRegions = (
				en,
				Base,
			);
			mainGroup = BD9FAD102C5114430008878E;
			productRefGroup = BD9FAD1A2C5114430008878E /* Products */;
			projectDirPath = "";
			projectRoot = "";
			targets = (
				BD9FAD182C5114430008878E /* lozzaSecondApp */,
				BD9FAD282C5114450008878E /* lozzaSecondAppTests */,
				BD9FAD322C5114450008878E /* lozzaSecondAppUITests */,
			);
		};
/* End PBXProject section */

/* Begin PBXResourcesBuildPhase section */
		BD9FAD172C5114430008878E /* Resources */ = {
			isa = PBXResourcesBuildPhase;
			buildActionMask = 2147483647;
			files = (
				BD9FAD242C5114450008878E /* Preview Assets.xcassets in Resources */,
				BD9FAD212C5114450008878E /* Assets.xcassets in Resources */,
			);
			runOnlyForDeploymentPostprocessing = 0;
		};
		BD9FAD272C5114450008878E /* Resources */ = {
			isa = PBXResourcesBuildPhase;
			buildActionMask = 2147483647;
			files = (
			);
			runOnlyForDeploymentPostprocessing = 0;
		};
		BD9FAD312C5114450008878E /* Resources */ = {
			isa = PBXResourcesBuildPhase;
			buildActionMask = 2147483647;
			files = (
			);
			runOnlyForDeploymentPostprocessing = 0;
		};
/* End PBXResourcesBuildPhase section */

/* Begin PBXSourcesBuildPhase section */
		BD9FAD152C5114430008878E /* Sources */ = {
			isa = PBXSourcesBuildPhase;
			buildActionMask = 2147483647;
			files = (
				BD9FAD1F2C5114430008878E /* ContentView.swift in Sources */,
				BD9FAD1D2C5114430008878E /* lozzaSecondAppApp.swift in Sources */,
			);
			runOnlyForDeploymentPostprocessing = 0;
		};
		BD9FAD252C5114450008878E /* Sources */ = {
			isa = PBXSourcesBuildPhase;
			buildActionMask = 2147483647;
			files = (
				BD9FAD2E2C5114450008878E /* lozzaSecondAppTests.swift in Sources */,
			);
			runOnlyForDeploymentPostprocessing = 0;
		};
		BD9FAD2F2C5114450008878E /* Sources */ = {
			isa = PBXSourcesBuildPhase;
			buildActionMask = 2147483647;
			files = (
				BD9FAD382C5114460008878E /* lozzaSecondAppUITests.swift in Sources */,
				BD9FAD3A2C5114460008878E /* lozzaSecondAppUITestsLaunchTests.swift in Sources */,
			);
			runOnlyForDeploymentPostprocessing = 0;
		};
/* End PBXSourcesBuildPhase section */

/* Begin PBXTargetDependency section */
		BD9FAD2B2C5114450008878E /* PBXTargetDependency */ = {
			isa = PBXTargetDependency;
			target = BD9FAD182C5114430008878E /* lozzaSecondApp */;
			targetProxy = BD9FAD2A2C5114450008878E /* PBXContainerItemProxy */;
		};
		BD9FAD352C5114450008878E /* PBXTargetDependency */ = {
			isa = PBXTargetDependency;
			target = BD9FAD182C5114430008878E /* lozzaSecondApp */;
			targetProxy = BD9FAD342C5114450008878E /* PBXContainerItemProxy */;
		};
/* End PBXTargetDependency section */

/* Begin XCBuildConfiguration section */
		BD9FAD3B2C5114460008878E /* Debug */ = {
			isa = XCBuildConfiguration;
			buildSettings = {
				ALWAYS_SEARCH_USER_PATHS = NO;
				ASSETCATALOG_COMPILER_GENERATE_SWIFT_ASSET_SYMBOL_EXTENSIONS = YES;
				CLANG_ANALYZER_NONNULL = YES;
				CLANG_ANALYZER_NUMBER_OBJECT_CONVERSION = YES_AGGRESSIVE;
				CLANG_CXX_LANGUAGE_STANDARD = "gnu++20";
				CLANG_ENABLE_MODULES = YES;
				CLANG_ENABLE_OBJC_ARC = YES;
				CLANG_ENABLE_OBJC_WEAK = YES;
				CLANG_WARN_BLOCK_CAPTURE_AUTORELEASING = YES;
				CLANG_WARN_BOOL_CONVERSION = YES;
				CLANG_WARN_COMMA = YES;
				CLANG_WARN_CONSTANT_CONVERSION = YES;
				CLANG_WARN_DEPRECATED_OBJC_IMPLEMENTATIONS = YES;
				CLANG_WARN_DIRECT_OBJC_ISA_USAGE = YES_ERROR;
				CLANG_WARN_DOCUMENTATION_COMMENTS = YES;
				CLANG_WARN_EMPTY_BODY = YES;
				CLANG_WARN_ENUM_CONVERSION = YES;
				CLANG_WARN_INFINITE_RECURSION = YES;
				CLANG_WARN_INT_CONVERSION = YES;
				CLANG_WARN_NON_LITERAL_NULL_CONVERSION = YES;
				CLANG_WARN_OBJC_IMPLICIT_RETAIN_SELF = YES;
				CLANG_WARN_OBJC_LITERAL_CONVERSION = YES;
				CLANG_WARN_OBJC_ROOT_CLASS = YES_ERROR;
				CLANG_WARN_QUOTED_INCLUDE_IN_FRAMEWORK_HEADER = YES;
				CLANG_WARN_RANGE_LOOP_ANALYSIS = YES;
				CLANG_WARN_STRICT_PROTOTYPES = YES;
				CLANG_WARN_SUSPICIOUS_MOVE = YES;
				CLANG_WARN_UNGUARDED_AVAILABILITY = YES_AGGRESSIVE;
				CLANG_WARN_UNREACHABLE_CODE = YES;
				CLANG_WARN__DUPLICATE_METHOD_MATCH = YES;
				COPY_PHASE_STRIP = NO;
				DEBUG_INFORMATION_FORMAT = dwarf;
				ENABLE_STRICT_OBJC_MSGSEND = YES;
				ENABLE_TESTABILITY = YES;
				ENABLE_USER_SCRIPT_SANDBOXING = YES;
				GCC_C_LANGUAGE_STANDARD = gnu17;
				GCC_DYNAMIC_NO_PIC = NO;
				GCC_NO_COMMON_BLOCKS = YES;
				GCC_OPTIMIZATION_LEVEL = 0;
				GCC_PREPROCESSOR_DEFINITIONS = (
					"DEBUG=1",
					"$(inherited)",
				);
				GCC_WARN_64_TO_32_BIT_CONVERSION = YES;
				GCC_WARN_ABOUT_RETURN_TYPE = YES_ERROR;
				GCC_WARN_UNDECLARED_SELECTOR = YES;
				GCC_WARN_UNINITIALIZED_AUTOS = YES_AGGRESSIVE;
				GCC_WARN_UNUSED_FUNCTION = YES;
				GCC_WARN_UNUSED_VARIABLE = YES;
				IPHONEOS_DEPLOYMENT_TARGET = 17.5;
				LOCALIZATION_PREFERS_STRING_CATALOGS = YES;
				MTL_ENABLE_DEBUG_INFO = INCLUDE_SOURCE;
				MTL_FAST_MATH = YES;
				ONLY_ACTIVE_ARCH = YES;
				SDKROOT = iphoneos;
				SWIFT_ACTIVE_COMPILATION_CONDITIONS = "DEBUG $(inherited)";
				SWIFT_OPTIMIZATION_LEVEL = "-Onone";
			};
			name = Debug;
		};
		BD9FAD3C2C5114460008878E /* Release */ = {
			isa = XCBuildConfiguration;
			buildSettings = {
				ALWAYS_SEARCH_USER_PATHS = NO;
				ASSETCATALOG_COMPILER_GENERATE_SWIFT_ASSET_SYMBOL_EXTENSIONS = YES;
				CLANG_ANALYZER_NONNULL = YES;
				CLANG_ANALYZER_NUMBER_OBJECT_CONVERSION = YES_AGGRESSIVE;
				CLANG_CXX_LANGUAGE_STANDARD = "gnu++20";
				CLANG_ENABLE_MODULES = YES;
				CLANG_ENABLE_OBJC_ARC = YES;
				CLANG_ENABLE_OBJC_WEAK = YES;
				CLANG_WARN_BLOCK_CAPTURE_AUTORELEASING = YES;
				CLANG_WARN_BOOL_CONVERSION = YES;
				CLANG_WARN_COMMA = YES;
				CLANG_WARN_CONSTANT_CONVERSION = YES;
				CLANG_WARN_DEPRECATED_OBJC_IMPLEMENTATIONS = YES;
				CLANG_WARN_DIRECT_OBJC_ISA_USAGE = YES_ERROR;
				CLANG_WARN_DOCUMENTATION_COMMENTS = YES;
				CLANG_WARN_EMPTY_BODY = YES;
				CLANG_WARN_ENUM_CONVERSION = YES;
				CLANG_WARN_INFINITE_RECURSION = YES;
				CLANG_WARN_INT_CONVERSION = YES;
				CLANG_WARN_NON_LITERAL_NULL_CONVERSION = YES;
				CLANG_WARN_OBJC_IMPLICIT_RETAIN_SELF = YES;
				CLANG_WARN_OBJC_LITERAL_CONVERSION = YES;
				CLANG_WARN_OBJC_ROOT_CLASS = YES_ERROR;
				CLANG_WARN_QUOTED_INCLUDE_IN_FRAMEWORK_HEADER = YES;
				CLANG_WARN_RANGE_LOOP_ANALYSIS = YES;
				CLANG_WARN_STRICT_PROTOTYPES = YES;
				CLANG_WARN_SUSPICIOUS_MOVE = YES;
				CLANG_WARN_UNGUARDED_AVAILABILITY = YES_AGGRESSIVE;
				CLANG_WARN_UNREACHABLE_CODE = YES;
				CLANG_WARN__DUPLICATE_METHOD_MATCH = YES;
				COPY_PHASE_STRIP = NO;
				DEBUG_INFORMATION_FORMAT = "dwarf-with-dsym";
				ENABLE_NS_ASSERTIONS = NO;
				ENABLE_STRICT_OBJC_MSGSEND = YES;
				ENABLE_USER_SCRIPT_SANDBOXING = YES;
				GCC_C_LANGUAGE_STANDARD = gnu17;
				GCC_NO_COMMON_BLOCKS = YES;
				GCC_WARN_64_TO_32_BIT_CONVERSION = YES;
				GCC_WARN_ABOUT_RETURN_TYPE = YES_ERROR;
				GCC_WARN_UNDECLARED_SELECTOR = YES;
				GCC_WARN_UNINITIALIZED_AUTOS = YES_AGGRESSIVE;
				GCC_WARN_UNUSED_FUNCTION = YES;
				GCC_WARN_UNUSED_VARIABLE = YES;
				IPHONEOS_DEPLOYMENT_TARGET = 17.5;
				LOCALIZATION_PREFERS_STRING_CATALOGS = YES;
				MTL_ENABLE_DEBUG_INFO = NO;
				MTL_FAST_MATH = YES;
				SDKROOT = iphoneos;
				SWIFT_COMPILATION_MODE = wholemodule;
				VALIDATE_PRODUCT = YES;
			};
			name = Release;
		};
		BD9FAD3E2C5114460008878E /* Debug */ = {
			isa = XCBuildConfiguration;
			buildSettings = {
				ASSETCATALOG_COMPILER_APPICON_NAME = AppIcon;
				ASSETCATALOG_COMPILER_GLOBAL_ACCENT_COLOR_NAME = AccentColor;
				CODE_SIGN_STYLE = Automatic;
				CURRENT_PROJECT_VERSION = 1;
				DEVELOPMENT_ASSET_PATHS = "\"lozzaSecondApp/Preview Content\"";
				DEVELOPMENT_TEAM = 5375PBDFZQ;
				ENABLE_PREVIEWS = YES;
				GENERATE_INFOPLIST_FILE = YES;
				INFOPLIST_KEY_UIApplicationSceneManifest_Generation = YES;
				INFOPLIST_KEY_UIApplicationSupportsIndirectInputEvents = YES;
				INFOPLIST_KEY_UILaunchScreen_Generation = YES;
				INFOPLIST_KEY_UISupportedInterfaceOrientations_iPad = "UIInterfaceOrientationPortrait UIInterfaceOrientationPortraitUpsideDown UIInterfaceOrientationLandscapeLeft UIInterfaceOrientationLandscapeRight";
				INFOPLIST_KEY_UISupportedInterfaceOrientations_iPhone = "UIInterfaceOrientationPortrait UIInterfaceOrientationLandscapeLeft UIInterfaceOrientationLandscapeRight";
				LD_RUNPATH_SEARCH_PATHS = (
					"$(inherited)",
					"@executable_path/Frameworks",
				);
				MARKETING_VERSION = 1.0;
				PRODUCT_BUNDLE_IDENTIFIER = kwk.lozzaSecondApp;
				PRODUCT_NAME = "$(TARGET_NAME)";
				SWIFT_EMIT_LOC_STRINGS = YES;
				SWIFT_VERSION = 5.0;
				TARGETED_DEVICE_FAMILY = "1,2";
			};
			name = Debug;
		};
		BD9FAD3F2C5114460008878E /* Release */ = {
			isa = XCBuildConfiguration;
			buildSettings = {
				ASSETCATALOG_COMPILER_APPICON_NAME = AppIcon;
				ASSETCATALOG_COMPILER_GLOBAL_ACCENT_COLOR_NAME = AccentColor;
				CODE_SIGN_STYLE = Automatic;
				CURRENT_PROJECT_VERSION = 1;
				DEVELOPMENT_ASSET_PATHS = "\"lozzaSecondApp/Preview Content\"";
				DEVELOPMENT_TEAM = 5375PBDFZQ;
				ENABLE_PREVIEWS = YES;
				GENERATE_INFOPLIST_FILE = YES;
				INFOPLIST_KEY_UIApplicationSceneManifest_Generation = YES;
				INFOPLIST_KEY_UIApplicationSupportsIndirectInputEvents = YES;
				INFOPLIST_KEY_UILaunchScreen_Generation = YES;
				INFOPLIST_KEY_UISupportedInterfaceOrientations_iPad = "UIInterfaceOrientationPortrait UIInterfaceOrientationPortraitUpsideDown UIInterfaceOrientationLandscapeLeft UIInterfaceOrientationLandscapeRight";
				INFOPLIST_KEY_UISupportedInterfaceOrientations_iPhone = "UIInterfaceOrientationPortrait UIInterfaceOrientationLandscapeLeft UIInterfaceOrientationLandscapeRight";
				LD_RUNPATH_SEARCH_PATHS = (
					"$(inherited)",
					"@executable_path/Frameworks",
				);
				MARKETING_VERSION = 1.0;
				PRODUCT_BUNDLE_IDENTIFIER = kwk.lozzaSecondApp;
				PRODUCT_NAME = "$(TARGET_NAME)";
				SWIFT_EMIT_LOC_STRINGS = YES;
				SWIFT_VERSION = 5.0;
				TARGETED_DEVICE_FAMILY = "1,2";
			};
			name = Release;
		};
		BD9FAD412C5114460008878E /* Debug */ = {
			isa = XCBuildConfiguration;
			buildSettings = {
				ALWAYS_EMBED_SWIFT_STANDARD_LIBRARIES = YES;
				BUNDLE_LOADER = "$(TEST_HOST)";
				CODE_SIGN_STYLE = Automatic;
				CURRENT_PROJECT_VERSION = 1;
				DEVELOPMENT_TEAM = 5375PBDFZQ;
				GENERATE_INFOPLIST_FILE = YES;
				IPHONEOS_DEPLOYMENT_TARGET = 17.5;
				MARKETING_VERSION = 1.0;
				PRODUCT_BUNDLE_IDENTIFIER = kwk.lozzaSecondAppTests;
				PRODUCT_NAME = "$(TARGET_NAME)";
				SWIFT_EMIT_LOC_STRINGS = NO;
				SWIFT_VERSION = 5.0;
				TARGETED_DEVICE_FAMILY = "1,2";
				TEST_HOST = "$(BUILT_PRODUCTS_DIR)/lozzaSecondApp.app/$(BUNDLE_EXECUTABLE_FOLDER_PATH)/lozzaSecondApp";
			};
			name = Debug;
		};
		BD9FAD422C5114460008878E /* Release */ = {
			isa = XCBuildConfiguration;
			buildSettings = {
				ALWAYS_EMBED_SWIFT_STANDARD_LIBRARIES = YES;
				BUNDLE_LOADER = "$(TEST_HOST)";
				CODE_SIGN_STYLE = Automatic;
				CURRENT_PROJECT_VERSION = 1;
				DEVELOPMENT_TEAM = 5375PBDFZQ;
				GENERATE_INFOPLIST_FILE = YES;
				IPHONEOS_DEPLOYMENT_TARGET = 17.5;
				MARKETING_VERSION = 1.0;
				PRODUCT_BUNDLE_IDENTIFIER = kwk.lozzaSecondAppTests;
				PRODUCT_NAME = "$(TARGET_NAME)";
				SWIFT_EMIT_LOC_STRINGS = NO;
				SWIFT_VERSION = 5.0;
				TARGETED_DEVICE_FAMILY = "1,2";
				TEST_HOST = "$(BUILT_PRODUCTS_DIR)/lozzaSecondApp.app/$(BUNDLE_EXECUTABLE_FOLDER_PATH)/lozzaSecondApp";
			};
			name = Release;
		};
		BD9FAD442C5114460008878E /* Debug */ = {
			isa = XCBuildConfiguration;
			buildSettings = {
				ALWAYS_EMBED_SWIFT_STANDARD_LIBRARIES = YES;
				CODE_SIGN_STYLE = Automatic;
				CURRENT_PROJECT_VERSION = 1;
				DEVELOPMENT_TEAM = 5375PBDFZQ;
				GENERATE_INFOPLIST_FILE = YES;
				MARKETING_VERSION = 1.0;
				PRODUCT_BUNDLE_IDENTIFIER = kwk.lozzaSecondAppUITests;
				PRODUCT_NAME = "$(TARGET_NAME)";
				SWIFT_EMIT_LOC_STRINGS = NO;
				SWIFT_VERSION = 5.0;
				TARGETED_DEVICE_FAMILY = "1,2";
				TEST_TARGET_NAME = lozzaSecondApp;
			};
			name = Debug;
		};
		BD9FAD452C5114460008878E /* Release */ = {
			isa = XCBuildConfiguration;
			buildSettings = {
				ALWAYS_EMBED_SWIFT_STANDARD_LIBRARIES = YES;
				CODE_SIGN_STYLE = Automatic;
				CURRENT_PROJECT_VERSION = 1;
				DEVELOPMENT_TEAM = 5375PBDFZQ;
				GENERATE_INFOPLIST_FILE = YES;
				MARKETING_VERSION = 1.0;
				PRODUCT_BUNDLE_IDENTIFIER = kwk.lozzaSecondAppUITests;
				PRODUCT_NAME = "$(TARGET_NAME)";
				SWIFT_EMIT_LOC_STRINGS = NO;
				SWIFT_VERSION = 5.0;
				TARGETED_DEVICE_FAMILY = "1,2";
				TEST_TARGET_NAME = lozzaSecondApp;
			};
			name = Release;
		};
/* End XCBuildConfiguration section */

/* Begin XCConfigurationList section */
		BD9FAD142C5114430008878E /* Build configuration list for PBXProject "lozzaSecondApp" */ = {
			isa = XCConfigurationList;
			buildConfigurations = (
				BD9FAD3B2C5114460008878E /* Debug */,
				BD9FAD3C2C5114460008878E /* Release */,
			);
			defaultConfigurationIsVisible = 0;
			defaultConfigurationName = Release;
		};
		BD9FAD3D2C5114460008878E /* Build configuration list for PBXNativeTarget "lozzaSecondApp" */ = {
			isa = XCConfigurationList;
			buildConfigurations = (
				BD9FAD3E2C5114460008878E /* Debug */,
				BD9FAD3F2C5114460008878E /* Release */,
			);
			defaultConfigurationIsVisible = 0;
			defaultConfigurationName = Release;
		};
		BD9FAD402C5114460008878E /* Build configuration list for PBXNativeTarget "lozzaSecondAppTests" */ = {
			isa = XCConfigurationList;
			buildConfigurations = (
				BD9FAD412C5114460008878E /* Debug */,
				BD9FAD422C5114460008878E /* Release */,
			);
			defaultConfigurationIsVisible = 0;
			defaultConfigurationName = Release;
		};
		BD9FAD432C5114460008878E /* Build configuration list for PBXNativeTarget "lozzaSecondAppUITests" */ = {
			isa = XCConfigurationList;
			buildConfigurations = (
				BD9FAD442C5114460008878E /* Debug */,
				BD9FAD452C5114460008878E /* Release */,
			);
			defaultConfigurationIsVisible = 0;
			defaultConfigurationName = Release;
		};
/* End XCConfigurationList section */
	};
	rootObject = BD9FAD112C5114430008878E /* Project object */;
}
